
Microsoft Visual Studio Solution File, Format Version 12.00
# Visual Studio 14
VisualStudioVersion = 14.0.25420.1
MinimumVisualStudioVersion = 10.0.40219.1
Project("{FAE04EC0-301F-11D3-BF4B-00C04F79EFBC}") = "01. Allocate array", "01. Allocate array\01. Allocate array.csproj", "{F35F76DF-A549-4884-8800-F3730E9A6CB5}"
EndProject
Project("{FAE04EC0-301F-11D3-BF4B-00C04F79EFBC}") = "02. Compare arrays", "02. Compare arrays\02. Compare arrays.csproj", "{F20D18F4-1A5C-4C80-A5C1-29C361705A05}"
EndProject
Project("{FAE04EC0-301F-11D3-BF4B-00C04F79EFBC}") = "03. Compare char arrays", "03. Compare char arrays\03. Compare char arrays.csproj", "{DC1FC88A-32D4-401E-B980-D920B286C93A}"
EndProject
Project("{FAE04EC0-301F-11D3-BF4B-00C04F79EFBC}") = "04. Maximal sequence", "04. Maximal sequence\04. Maximal sequence.csproj", "{C0AD6B35-812F-414F-A4A7-8B42E07AC0DA}"
EndProject
Project("{FAE04EC0-301F-11D3-BF4B-00C04F79EFBC}") = "05. Maximal increasing sequence", "05. Maximal increasing sequence\05. Maximal increasing sequence.csproj", "{D54CAB30-A350-4111-B3A5-ED350B9BE6AF}"
EndProject
Project("{FAE04EC0-301F-11D3-BF4B-00C04F79EFBC}") = "06. Maximal K sum", "06. Maximal K sum\06. Maximal K sum.csproj", "{1D6A70DD-8911-47F5-851A-1172BFF00007}"
EndProject
Project("{FAE04EC0-301F-11D3-BF4B-00C04F79EFBC}") = "07. Selection sort", "07. Selection sort\07. Selection sort.csproj", "{D0F9FA0A-6744-42C8-9FB0-4D3547DE501F}"
EndProject
Project("{FAE04EC0-301F-11D3-BF4B-00C04F79EFBC}") = "08. Maximal sum", "08. Maximal sum\08. Maximal sum.csproj", "{8ABCD8B7-BFBA-4D13-9AC4-D141A9EC9948}"
EndProject
Project("{FAE04EC0-301F-11D3-BF4B-00C04F79EFBC}") = "09. Frequent number", "09. Frequent number\09. Frequent number.csproj", "{40877E21-7E80-4020-89FC-0BACC2D0C405}"
EndProject
Global
	GlobalSection(SolutionConfigurationPlatforms) = preSolution
		Debug|Any CPU = Debug|Any CPU
		Release|Any CPU = Release|Any CPU
	EndGlobalSection
	GlobalSection(ProjectConfigurationPlatforms) = postSolution
		{F35F76DF-A549-4884-8800-F3730E9A6CB5}.Debug|Any CPU.ActiveCfg = Debug|Any CPU
		{F35F76DF-A549-4884-8800-F3730E9A6CB5}.Debug|Any CPU.Build.0 = Debug|Any CPU
		{F35F76DF-A549-4884-8800-F3730E9A6CB5}.Release|Any CPU.ActiveCfg = Release|Any CPU
		{F35F76DF-A549-4884-8800-F3730E9A6CB5}.Release|Any CPU.Build.0 = Release|Any CPU
		{F20D18F4-1A5C-4C80-A5C1-29C361705A05}.Debug|Any CPU.ActiveCfg = Debug|Any CPU
		{F20D18F4-1A5C-4C80-A5C1-29C361705A05}.Debug|Any CPU.Build.0 = Debug|Any CPU
		{F20D18F4-1A5C-4C80-A5C1-29C361705A05}.Release|Any CPU.ActiveCfg = Release|Any CPU
		{F20D18F4-1A5C-4C80-A5C1-29C361705A05}.Release|Any CPU.Build.0 = Release|Any CPU
		{DC1FC88A-32D4-401E-B980-D920B286C93A}.Debug|Any CPU.ActiveCfg = Debug|Any CPU
		{DC1FC88A-32D4-401E-B980-D920B286C93A}.Debug|Any CPU.Build.0 = Debug|Any CPU
		{DC1FC88A-32D4-401E-B980-D920B286C93A}.Release|Any CPU.ActiveCfg = Release|Any CPU
		{DC1FC88A-32D4-401E-B980-D920B286C93A}.Release|Any CPU.Build.0 = Release|Any CPU
		{C0AD6B35-812F-414F-A4A7-8B42E07AC0DA}.Debug|Any CPU.ActiveCfg = Debug|Any CPU
		{C0AD6B35-812F-414F-A4A7-8B42E07AC0DA}.Debug|Any CPU.Build.0 = Debug|Any CPU
		{C0AD6B35-812F-414F-A4A7-8B42E07AC0DA}.Release|Any CPU.ActiveCfg = Release|Any CPU
		{C0AD6B35-812F-414F-A4A7-8B42E07AC0DA}.Release|Any CPU.Build.0 = Release|Any CPU
		{D54CAB30-A350-4111-B3A5-ED350B9BE6AF}.Debug|Any CPU.ActiveCfg = Debug|Any CPU
		{D54CAB30-A350-4111-B3A5-ED350B9BE6AF}.Debug|Any CPU.Build.0 = Debug|Any CPU
		{D54CAB30-A350-4111-B3A5-ED350B9BE6AF}.Release|Any CPU.ActiveCfg = Release|Any CPU
		{D54CAB30-A350-4111-B3A5-ED350B9BE6AF}.Release|Any CPU.Build.0 = Release|Any CPU
		{1D6A70DD-8911-47F5-851A-1172BFF00007}.Debug|Any CPU.ActiveCfg = Debug|Any CPU
		{1D6A70DD-8911-47F5-851A-1172BFF00007}.Debug|Any CPU.Build.0 = Debug|Any CPU
		{1D6A70DD-8911-47F5-851A-1172BFF00007}.Release|Any CPU.ActiveCfg = Release|Any CPU
		{1D6A70DD-8911-47F5-851A-1172BFF00007}.Release|Any CPU.Build.0 = Release|Any CPU
		{D0F9FA0A-6744-42C8-9FB0-4D3547DE501F}.Debug|Any CPU.ActiveCfg = Debug|Any CPU
		{D0F9FA0A-6744-42C8-9FB0-4D3547DE501F}.Debug|Any CPU.Build.0 = Debug|Any CPU
		{D0F9FA0A-6744-42C8-9FB0-4D3547DE501F}.Release|Any CPU.ActiveCfg = Release|Any CPU
		{D0F9FA0A-6744-42C8-9FB0-4D3547DE501F}.Release|Any CPU.Build.0 = Release|Any CPU
		{8ABCD8B7-BFBA-4D13-9AC4-D141A9EC9948}.Debug|Any CPU.ActiveCfg = Debug|Any CPU
		{8ABCD8B7-BFBA-4D13-9AC4-D141A9EC9948}.Debug|Any CPU.Build.0 = Debug|Any CPU
		{8ABCD8B7-BFBA-4D13-9AC4-D141A9EC9948}.Release|Any CPU.ActiveCfg = Release|Any CPU
		{8ABCD8B7-BFBA-4D13-9AC4-D141A9EC9948}.Release|Any CPU.Build.0 = Release|Any CPU
		{40877E21-7E80-4020-89FC-0BACC2D0C405}.Debug|Any CPU.ActiveCfg = Debug|Any CPU
		{40877E21-7E80-4020-89FC-0BACC2D0C405}.Debug|Any CPU.Build.0 = Debug|Any CPU
		{40877E21-7E80-4020-89FC-0BACC2D0C405}.Release|Any CPU.ActiveCfg = Release|Any CPU
		{40877E21-7E80-4020-89FC-0BACC2D0C405}.Release|Any CPU.Build.0 = Release|Any CPU
	EndGlobalSection
	GlobalSection(SolutionProperties) = preSolution
		HideSolutionNode = FALSE
	EndGlobalSection
EndGlobal
