
Microsoft Visual Studio Solution File, Format Version 12.00
# Visual Studio 14
VisualStudioVersion = 14.0.25420.1
MinimumVisualStudioVersion = 10.0.40219.1
Project("{FAE04EC0-301F-11D3-BF4B-00C04F79EFBC}") = "Problem 1. Define class", "Problem 1. Define class\Problem 1. Define class.csproj", "{B09E2234-91D4-4029-A0B8-13DD69164B07}"
EndProject
Project("{FAE04EC0-301F-11D3-BF4B-00C04F79EFBC}") = "Problem 2. Constructors", "Problem 2. Constructors\Problem 2. Constructors.csproj", "{50A4DC0F-8F30-4993-906C-B1F724C9B669}"
EndProject
Project("{FAE04EC0-301F-11D3-BF4B-00C04F79EFBC}") = "Problem 3. Enumeration", "Problem 3. Enumeration\Problem 3. Enumeration.csproj", "{AE121C40-ED47-4D2E-B58A-C0D41D1CDD1A}"
EndProject
Project("{FAE04EC0-301F-11D3-BF4B-00C04F79EFBC}") = "Problem 4. ToString", "Problem 4. ToString\Problem 4. ToString.csproj", "{B97879F2-D056-47C3-A50E-CFF04A8FDF3C}"
EndProject
Project("{FAE04EC0-301F-11D3-BF4B-00C04F79EFBC}") = "Problem 5. Properties", "Problem 5. Properties\Problem 5. Properties.csproj", "{2620DA85-966A-4535-9051-44AD308D3404}"
EndProject
Project("{FAE04EC0-301F-11D3-BF4B-00C04F79EFBC}") = "Problem 6. Static field", "Problem 6. Static field\Problem 6. Static field.csproj", "{B9D35640-4E96-4FD9-B37E-6C902B6220F8}"
EndProject
Project("{FAE04EC0-301F-11D3-BF4B-00C04F79EFBC}") = "Problem 7. GSM test", "Problem 7. GSM test\Problem 7. GSM test.csproj", "{C8626FEF-E947-4088-96D9-A21B3EE0305F}"
EndProject
Global
	GlobalSection(SolutionConfigurationPlatforms) = preSolution
		Debug|Any CPU = Debug|Any CPU
		Release|Any CPU = Release|Any CPU
	EndGlobalSection
	GlobalSection(ProjectConfigurationPlatforms) = postSolution
		{B09E2234-91D4-4029-A0B8-13DD69164B07}.Debug|Any CPU.ActiveCfg = Debug|Any CPU
		{B09E2234-91D4-4029-A0B8-13DD69164B07}.Debug|Any CPU.Build.0 = Debug|Any CPU
		{B09E2234-91D4-4029-A0B8-13DD69164B07}.Release|Any CPU.ActiveCfg = Release|Any CPU
		{B09E2234-91D4-4029-A0B8-13DD69164B07}.Release|Any CPU.Build.0 = Release|Any CPU
		{50A4DC0F-8F30-4993-906C-B1F724C9B669}.Debug|Any CPU.ActiveCfg = Debug|Any CPU
		{50A4DC0F-8F30-4993-906C-B1F724C9B669}.Debug|Any CPU.Build.0 = Debug|Any CPU
		{50A4DC0F-8F30-4993-906C-B1F724C9B669}.Release|Any CPU.ActiveCfg = Release|Any CPU
		{50A4DC0F-8F30-4993-906C-B1F724C9B669}.Release|Any CPU.Build.0 = Release|Any CPU
		{AE121C40-ED47-4D2E-B58A-C0D41D1CDD1A}.Debug|Any CPU.ActiveCfg = Debug|Any CPU
		{AE121C40-ED47-4D2E-B58A-C0D41D1CDD1A}.Debug|Any CPU.Build.0 = Debug|Any CPU
		{AE121C40-ED47-4D2E-B58A-C0D41D1CDD1A}.Release|Any CPU.ActiveCfg = Release|Any CPU
		{AE121C40-ED47-4D2E-B58A-C0D41D1CDD1A}.Release|Any CPU.Build.0 = Release|Any CPU
		{B97879F2-D056-47C3-A50E-CFF04A8FDF3C}.Debug|Any CPU.ActiveCfg = Debug|Any CPU
		{B97879F2-D056-47C3-A50E-CFF04A8FDF3C}.Debug|Any CPU.Build.0 = Debug|Any CPU
		{B97879F2-D056-47C3-A50E-CFF04A8FDF3C}.Release|Any CPU.ActiveCfg = Release|Any CPU
		{B97879F2-D056-47C3-A50E-CFF04A8FDF3C}.Release|Any CPU.Build.0 = Release|Any CPU
		{2620DA85-966A-4535-9051-44AD308D3404}.Debug|Any CPU.ActiveCfg = Debug|Any CPU
		{2620DA85-966A-4535-9051-44AD308D3404}.Debug|Any CPU.Build.0 = Debug|Any CPU
		{2620DA85-966A-4535-9051-44AD308D3404}.Release|Any CPU.ActiveCfg = Release|Any CPU
		{2620DA85-966A-4535-9051-44AD308D3404}.Release|Any CPU.Build.0 = Release|Any CPU
		{B9D35640-4E96-4FD9-B37E-6C902B6220F8}.Debug|Any CPU.ActiveCfg = Debug|Any CPU
		{B9D35640-4E96-4FD9-B37E-6C902B6220F8}.Debug|Any CPU.Build.0 = Debug|Any CPU
		{B9D35640-4E96-4FD9-B37E-6C902B6220F8}.Release|Any CPU.ActiveCfg = Release|Any CPU
		{B9D35640-4E96-4FD9-B37E-6C902B6220F8}.Release|Any CPU.Build.0 = Release|Any CPU
		{C8626FEF-E947-4088-96D9-A21B3EE0305F}.Debug|Any CPU.ActiveCfg = Debug|Any CPU
		{C8626FEF-E947-4088-96D9-A21B3EE0305F}.Debug|Any CPU.Build.0 = Debug|Any CPU
		{C8626FEF-E947-4088-96D9-A21B3EE0305F}.Release|Any CPU.ActiveCfg = Release|Any CPU
		{C8626FEF-E947-4088-96D9-A21B3EE0305F}.Release|Any CPU.Build.0 = Release|Any CPU
	EndGlobalSection
	GlobalSection(SolutionProperties) = preSolution
		HideSolutionNode = FALSE
	EndGlobalSection
EndGlobal
