
Microsoft Visual Studio Solution File, Format Version 12.00
# Visual Studio 14
VisualStudioVersion = 14.0.25420.1
MinimumVisualStudioVersion = 10.0.40219.1
Project("{FAE04EC0-301F-11D3-BF4B-00C04F79EFBC}") = "01. Decimal to binary", "01. Decimal to binary\01. Decimal to binary.csproj", "{8CCFC03D-6F18-456F-AD46-96FEEB8FE95B}"
EndProject
Project("{FAE04EC0-301F-11D3-BF4B-00C04F79EFBC}") = "02. Binary to decimal", "02. Binary to decimal\02. Binary to decimal.csproj", "{370DB9EA-0F46-4110-B927-6AE2B08E2AF4}"
EndProject
Project("{FAE04EC0-301F-11D3-BF4B-00C04F79EFBC}") = "03. Decimal to hexadecimal", "03. Decimal to hexadecimal\03. Decimal to hexadecimal.csproj", "{5B225AF5-9582-4CAC-8312-AAB5D5EB3534}"
EndProject
Project("{FAE04EC0-301F-11D3-BF4B-00C04F79EFBC}") = "04. Hexadecimal to decimal", "04. Hexadecimal to decimal\04. Hexadecimal to decimal.csproj", "{1D306C5D-50E6-4631-9CD3-C3EB9566C367}"
EndProject
Global
	GlobalSection(SolutionConfigurationPlatforms) = preSolution
		Debug|Any CPU = Debug|Any CPU
		Release|Any CPU = Release|Any CPU
	EndGlobalSection
	GlobalSection(ProjectConfigurationPlatforms) = postSolution
		{8CCFC03D-6F18-456F-AD46-96FEEB8FE95B}.Debug|Any CPU.ActiveCfg = Debug|Any CPU
		{8CCFC03D-6F18-456F-AD46-96FEEB8FE95B}.Debug|Any CPU.Build.0 = Debug|Any CPU
		{8CCFC03D-6F18-456F-AD46-96FEEB8FE95B}.Release|Any CPU.ActiveCfg = Release|Any CPU
		{8CCFC03D-6F18-456F-AD46-96FEEB8FE95B}.Release|Any CPU.Build.0 = Release|Any CPU
		{370DB9EA-0F46-4110-B927-6AE2B08E2AF4}.Debug|Any CPU.ActiveCfg = Debug|Any CPU
		{370DB9EA-0F46-4110-B927-6AE2B08E2AF4}.Debug|Any CPU.Build.0 = Debug|Any CPU
		{370DB9EA-0F46-4110-B927-6AE2B08E2AF4}.Release|Any CPU.ActiveCfg = Release|Any CPU
		{370DB9EA-0F46-4110-B927-6AE2B08E2AF4}.Release|Any CPU.Build.0 = Release|Any CPU
		{5B225AF5-9582-4CAC-8312-AAB5D5EB3534}.Debug|Any CPU.ActiveCfg = Debug|Any CPU
		{5B225AF5-9582-4CAC-8312-AAB5D5EB3534}.Debug|Any CPU.Build.0 = Debug|Any CPU
		{5B225AF5-9582-4CAC-8312-AAB5D5EB3534}.Release|Any CPU.ActiveCfg = Release|Any CPU
		{5B225AF5-9582-4CAC-8312-AAB5D5EB3534}.Release|Any CPU.Build.0 = Release|Any CPU
		{1D306C5D-50E6-4631-9CD3-C3EB9566C367}.Debug|Any CPU.ActiveCfg = Debug|Any CPU
		{1D306C5D-50E6-4631-9CD3-C3EB9566C367}.Debug|Any CPU.Build.0 = Debug|Any CPU
		{1D306C5D-50E6-4631-9CD3-C3EB9566C367}.Release|Any CPU.ActiveCfg = Release|Any CPU
		{1D306C5D-50E6-4631-9CD3-C3EB9566C367}.Release|Any CPU.Build.0 = Release|Any CPU
	EndGlobalSection
	GlobalSection(SolutionProperties) = preSolution
		HideSolutionNode = FALSE
	EndGlobalSection
EndGlobal
