
Microsoft Visual Studio Solution File, Format Version 12.00
# Visual Studio 14
VisualStudioVersion = 14.0.25420.1
MinimumVisualStudioVersion = 10.0.40219.1
Project("{FAE04EC0-301F-11D3-BF4B-00C04F79EFBC}") = "Problem 1. Structure", "Problem 1. Structure\Problem 1. Structure.csproj", "{587C09C3-6A2D-4F74-BB3F-F464000749B3}"
EndProject
Project("{FAE04EC0-301F-11D3-BF4B-00C04F79EFBC}") = "Problem 2. Static read-only field", "Problem 2. Static read-only field\Problem 2. Static read-only field.csproj", "{C3E442AF-2C04-4870-93A6-39C83D81A57F}"
EndProject
Project("{FAE04EC0-301F-11D3-BF4B-00C04F79EFBC}") = "Problem 3. Static class", "Problem 3. Static class\Problem 3. Static class.csproj", "{EBD1D0B8-88E5-4BDD-A849-86A21DD8A56F}"
EndProject
Project("{FAE04EC0-301F-11D3-BF4B-00C04F79EFBC}") = "Problem 4. Path", "Problem 4. Path\Problem 4. Path.csproj", "{18764059-595C-4DAC-AFDF-4FD68F18AB62}"
EndProject
Project("{FAE04EC0-301F-11D3-BF4B-00C04F79EFBC}") = "Problem 5. Generic class", "Problem 5. Generic class\Problem 5. Generic class.csproj", "{72445E26-D8B9-4AFF-BE01-9B13ACE8D8F0}"
EndProject
Project("{FAE04EC0-301F-11D3-BF4B-00C04F79EFBC}") = "Problem 6. Auto-grow", "Problem 6. Auto-grow\Problem 6. Auto-grow.csproj", "{6BF6F21E-55AF-4881-BF44-45B6B468965F}"
EndProject
Global
	GlobalSection(SolutionConfigurationPlatforms) = preSolution
		Debug|Any CPU = Debug|Any CPU
		Release|Any CPU = Release|Any CPU
	EndGlobalSection
	GlobalSection(ProjectConfigurationPlatforms) = postSolution
		{587C09C3-6A2D-4F74-BB3F-F464000749B3}.Debug|Any CPU.ActiveCfg = Debug|Any CPU
		{587C09C3-6A2D-4F74-BB3F-F464000749B3}.Debug|Any CPU.Build.0 = Debug|Any CPU
		{587C09C3-6A2D-4F74-BB3F-F464000749B3}.Release|Any CPU.ActiveCfg = Release|Any CPU
		{587C09C3-6A2D-4F74-BB3F-F464000749B3}.Release|Any CPU.Build.0 = Release|Any CPU
		{C3E442AF-2C04-4870-93A6-39C83D81A57F}.Debug|Any CPU.ActiveCfg = Debug|Any CPU
		{C3E442AF-2C04-4870-93A6-39C83D81A57F}.Debug|Any CPU.Build.0 = Debug|Any CPU
		{C3E442AF-2C04-4870-93A6-39C83D81A57F}.Release|Any CPU.ActiveCfg = Release|Any CPU
		{C3E442AF-2C04-4870-93A6-39C83D81A57F}.Release|Any CPU.Build.0 = Release|Any CPU
		{EBD1D0B8-88E5-4BDD-A849-86A21DD8A56F}.Debug|Any CPU.ActiveCfg = Debug|Any CPU
		{EBD1D0B8-88E5-4BDD-A849-86A21DD8A56F}.Debug|Any CPU.Build.0 = Debug|Any CPU
		{EBD1D0B8-88E5-4BDD-A849-86A21DD8A56F}.Release|Any CPU.ActiveCfg = Release|Any CPU
		{EBD1D0B8-88E5-4BDD-A849-86A21DD8A56F}.Release|Any CPU.Build.0 = Release|Any CPU
		{18764059-595C-4DAC-AFDF-4FD68F18AB62}.Debug|Any CPU.ActiveCfg = Debug|Any CPU
		{18764059-595C-4DAC-AFDF-4FD68F18AB62}.Debug|Any CPU.Build.0 = Debug|Any CPU
		{18764059-595C-4DAC-AFDF-4FD68F18AB62}.Release|Any CPU.ActiveCfg = Release|Any CPU
		{18764059-595C-4DAC-AFDF-4FD68F18AB62}.Release|Any CPU.Build.0 = Release|Any CPU
		{72445E26-D8B9-4AFF-BE01-9B13ACE8D8F0}.Debug|Any CPU.ActiveCfg = Debug|Any CPU
		{72445E26-D8B9-4AFF-BE01-9B13ACE8D8F0}.Debug|Any CPU.Build.0 = Debug|Any CPU
		{72445E26-D8B9-4AFF-BE01-9B13ACE8D8F0}.Release|Any CPU.ActiveCfg = Release|Any CPU
		{72445E26-D8B9-4AFF-BE01-9B13ACE8D8F0}.Release|Any CPU.Build.0 = Release|Any CPU
		{6BF6F21E-55AF-4881-BF44-45B6B468965F}.Debug|Any CPU.ActiveCfg = Debug|Any CPU
		{6BF6F21E-55AF-4881-BF44-45B6B468965F}.Debug|Any CPU.Build.0 = Debug|Any CPU
		{6BF6F21E-55AF-4881-BF44-45B6B468965F}.Release|Any CPU.ActiveCfg = Release|Any CPU
		{6BF6F21E-55AF-4881-BF44-45B6B468965F}.Release|Any CPU.Build.0 = Release|Any CPU
	EndGlobalSection
	GlobalSection(SolutionProperties) = preSolution
		HideSolutionNode = FALSE
	EndGlobalSection
EndGlobal
