
Microsoft Visual Studio Solution File, Format Version 12.00
# Visual Studio 14
VisualStudioVersion = 14.0.25420.1
MinimumVisualStudioVersion = 10.0.40219.1
Project("{FAE04EC0-301F-11D3-BF4B-00C04F79EFBC}") = "01. Fill the matrix", "01. Fill the matrix\01. Fill the matrix.csproj", "{B9EDACAF-3AB1-4F97-A4D7-F8275D61A60B}"
EndProject
Project("{FAE04EC0-301F-11D3-BF4B-00C04F79EFBC}") = "02. Maximal sum", "02. Maximal sum\02. Maximal sum.csproj", "{247CC88E-211B-4AAE-8C91-72DC7D94DDFC}"
EndProject
Project("{FAE04EC0-301F-11D3-BF4B-00C04F79EFBC}") = "03. Sequence in matrix", "03. Sequence in matrix\03. Sequence in matrix.csproj", "{66F47A92-3DA4-4AA8-9E8B-A49B7F30DB5C}"
EndProject
Project("{FAE04EC0-301F-11D3-BF4B-00C04F79EFBC}") = "07. Largest area in matrix", "07. Largest area in matrix\07. Largest area in matrix.csproj", "{1FE8800D-6457-4285-A351-6C435B8BA60C}"
EndProject
Global
	GlobalSection(SolutionConfigurationPlatforms) = preSolution
		Debug|Any CPU = Debug|Any CPU
		Release|Any CPU = Release|Any CPU
	EndGlobalSection
	GlobalSection(ProjectConfigurationPlatforms) = postSolution
		{B9EDACAF-3AB1-4F97-A4D7-F8275D61A60B}.Debug|Any CPU.ActiveCfg = Debug|Any CPU
		{B9EDACAF-3AB1-4F97-A4D7-F8275D61A60B}.Debug|Any CPU.Build.0 = Debug|Any CPU
		{B9EDACAF-3AB1-4F97-A4D7-F8275D61A60B}.Release|Any CPU.ActiveCfg = Release|Any CPU
		{B9EDACAF-3AB1-4F97-A4D7-F8275D61A60B}.Release|Any CPU.Build.0 = Release|Any CPU
		{247CC88E-211B-4AAE-8C91-72DC7D94DDFC}.Debug|Any CPU.ActiveCfg = Debug|Any CPU
		{247CC88E-211B-4AAE-8C91-72DC7D94DDFC}.Debug|Any CPU.Build.0 = Debug|Any CPU
		{247CC88E-211B-4AAE-8C91-72DC7D94DDFC}.Release|Any CPU.ActiveCfg = Release|Any CPU
		{247CC88E-211B-4AAE-8C91-72DC7D94DDFC}.Release|Any CPU.Build.0 = Release|Any CPU
		{66F47A92-3DA4-4AA8-9E8B-A49B7F30DB5C}.Debug|Any CPU.ActiveCfg = Debug|Any CPU
		{66F47A92-3DA4-4AA8-9E8B-A49B7F30DB5C}.Debug|Any CPU.Build.0 = Debug|Any CPU
		{66F47A92-3DA4-4AA8-9E8B-A49B7F30DB5C}.Release|Any CPU.ActiveCfg = Release|Any CPU
		{66F47A92-3DA4-4AA8-9E8B-A49B7F30DB5C}.Release|Any CPU.Build.0 = Release|Any CPU
		{1FE8800D-6457-4285-A351-6C435B8BA60C}.Debug|Any CPU.ActiveCfg = Debug|Any CPU
		{1FE8800D-6457-4285-A351-6C435B8BA60C}.Debug|Any CPU.Build.0 = Debug|Any CPU
		{1FE8800D-6457-4285-A351-6C435B8BA60C}.Release|Any CPU.ActiveCfg = Release|Any CPU
		{1FE8800D-6457-4285-A351-6C435B8BA60C}.Release|Any CPU.Build.0 = Release|Any CPU
	EndGlobalSection
	GlobalSection(SolutionProperties) = preSolution
		HideSolutionNode = FALSE
	EndGlobalSection
EndGlobal
