
Microsoft Visual Studio Solution File, Format Version 12.00
# Visual Studio 14
VisualStudioVersion = 14.0.25420.1
MinimumVisualStudioVersion = 10.0.40219.1
Project("{FAE04EC0-301F-11D3-BF4B-00C04F79EFBC}") = "BunniesFormattingTask", "BunniesFormattingTask\BunniesFormattingTask.csproj", "{058807BD-12DB-43CF-9F66-37FF668FA3D4}"
EndProject
Project("{FAE04EC0-301F-11D3-BF4B-00C04F79EFBC}") = "EventsFormattingTask", "EventsFormattingTask\EventsFormattingTask.csproj", "{70E8543C-D16C-4728-AAD6-C212C7729F72}"
EndProject
Project("{FAE04EC0-301F-11D3-BF4B-00C04F79EFBC}") = "CodeJSFormattingTask", "CodeJSFormattingTask\CodeJSFormattingTask.csproj", "{74AA809A-5A15-472A-A8D5-8F81A386C300}"
EndProject
Global
	GlobalSection(SolutionConfigurationPlatforms) = preSolution
		Debug|Any CPU = Debug|Any CPU
		Release|Any CPU = Release|Any CPU
	EndGlobalSection
	GlobalSection(ProjectConfigurationPlatforms) = postSolution
		{058807BD-12DB-43CF-9F66-37FF668FA3D4}.Debug|Any CPU.ActiveCfg = Debug|Any CPU
		{058807BD-12DB-43CF-9F66-37FF668FA3D4}.Debug|Any CPU.Build.0 = Debug|Any CPU
		{058807BD-12DB-43CF-9F66-37FF668FA3D4}.Release|Any CPU.ActiveCfg = Release|Any CPU
		{058807BD-12DB-43CF-9F66-37FF668FA3D4}.Release|Any CPU.Build.0 = Release|Any CPU
		{70E8543C-D16C-4728-AAD6-C212C7729F72}.Debug|Any CPU.ActiveCfg = Debug|Any CPU
		{70E8543C-D16C-4728-AAD6-C212C7729F72}.Debug|Any CPU.Build.0 = Debug|Any CPU
		{70E8543C-D16C-4728-AAD6-C212C7729F72}.Release|Any CPU.ActiveCfg = Release|Any CPU
		{70E8543C-D16C-4728-AAD6-C212C7729F72}.Release|Any CPU.Build.0 = Release|Any CPU
		{74AA809A-5A15-472A-A8D5-8F81A386C300}.Debug|Any CPU.ActiveCfg = Debug|Any CPU
		{74AA809A-5A15-472A-A8D5-8F81A386C300}.Debug|Any CPU.Build.0 = Debug|Any CPU
		{74AA809A-5A15-472A-A8D5-8F81A386C300}.Release|Any CPU.ActiveCfg = Release|Any CPU
		{74AA809A-5A15-472A-A8D5-8F81A386C300}.Release|Any CPU.Build.0 = Release|Any CPU
	EndGlobalSection
	GlobalSection(SolutionProperties) = preSolution
		HideSolutionNode = FALSE
	EndGlobalSection
EndGlobal
