
Microsoft Visual Studio Solution File, Format Version 12.00
# Visual Studio 14
VisualStudioVersion = 14.0.25420.1
MinimumVisualStudioVersion = 10.0.40219.1
Project("{FAE04EC0-301F-11D3-BF4B-00C04F79EFBC}") = "01. Odd or Even", "01. Odd or Even\01. Odd or Even.csproj", "{BB04C404-91EA-4038-B2D4-01D4AFB8B3B2}"
EndProject
Project("{FAE04EC0-301F-11D3-BF4B-00C04F79EFBC}") = "02. Moon Gravity", "02. Moon Gravity\02. Moon Gravity.csproj", "{EFDA5AA6-F217-4014-BDAB-92C46767031E}"
EndProject
Project("{FAE04EC0-301F-11D3-BF4B-00C04F79EFBC}") = "03. Divide by 7 and 5", "03. Divide by 7 and 5\03. Divide by 7 and 5.csproj", "{6A20C7A6-AD44-4BF8-B954-5C452BEA532E}"
EndProject
Project("{FAE04EC0-301F-11D3-BF4B-00C04F79EFBC}") = "04. Rectangles", "04. Rectangles\04. Rectangles.csproj", "{DE7678A1-A709-4B0E-9876-8BC428444381}"
EndProject
Project("{FAE04EC0-301F-11D3-BF4B-00C04F79EFBC}") = "05. Third Digit", "05. Third Digit\05. Third Digit.csproj", "{968BDFBC-FD72-4A03-B62B-BA5A55AAD953}"
EndProject
Project("{FAE04EC0-301F-11D3-BF4B-00C04F79EFBC}") = "06. Four Digits", "06. Four Digits\06. Four Digits.csproj", "{C97FA16C-EDF9-492B-A16D-A2ACF9984C49}"
EndProject
Project("{FAE04EC0-301F-11D3-BF4B-00C04F79EFBC}") = "07. Point in a Circle", "07. Point in a Circle\07. Point in a Circle.csproj", "{708A9F3B-F5C6-495F-925B-11A3D54BDABA}"
EndProject
Project("{FAE04EC0-301F-11D3-BF4B-00C04F79EFBC}") = "08. Prime Check", "08. Prime Check\08. Prime Check.csproj", "{38A139D9-16CE-45EE-8FA3-DFF4B8F10EF2}"
EndProject
Project("{FAE04EC0-301F-11D3-BF4B-00C04F79EFBC}") = "09. Trapezoids", "09. Trapezoids\09. Trapezoids.csproj", "{88548119-E3B5-449C-AB71-B82FECFEA784}"
EndProject
Global
	GlobalSection(SolutionConfigurationPlatforms) = preSolution
		Debug|Any CPU = Debug|Any CPU
		Release|Any CPU = Release|Any CPU
	EndGlobalSection
	GlobalSection(ProjectConfigurationPlatforms) = postSolution
		{BB04C404-91EA-4038-B2D4-01D4AFB8B3B2}.Debug|Any CPU.ActiveCfg = Debug|Any CPU
		{BB04C404-91EA-4038-B2D4-01D4AFB8B3B2}.Debug|Any CPU.Build.0 = Debug|Any CPU
		{BB04C404-91EA-4038-B2D4-01D4AFB8B3B2}.Release|Any CPU.ActiveCfg = Release|Any CPU
		{BB04C404-91EA-4038-B2D4-01D4AFB8B3B2}.Release|Any CPU.Build.0 = Release|Any CPU
		{EFDA5AA6-F217-4014-BDAB-92C46767031E}.Debug|Any CPU.ActiveCfg = Debug|Any CPU
		{EFDA5AA6-F217-4014-BDAB-92C46767031E}.Debug|Any CPU.Build.0 = Debug|Any CPU
		{EFDA5AA6-F217-4014-BDAB-92C46767031E}.Release|Any CPU.ActiveCfg = Release|Any CPU
		{EFDA5AA6-F217-4014-BDAB-92C46767031E}.Release|Any CPU.Build.0 = Release|Any CPU
		{6A20C7A6-AD44-4BF8-B954-5C452BEA532E}.Debug|Any CPU.ActiveCfg = Debug|Any CPU
		{6A20C7A6-AD44-4BF8-B954-5C452BEA532E}.Debug|Any CPU.Build.0 = Debug|Any CPU
		{6A20C7A6-AD44-4BF8-B954-5C452BEA532E}.Release|Any CPU.ActiveCfg = Release|Any CPU
		{6A20C7A6-AD44-4BF8-B954-5C452BEA532E}.Release|Any CPU.Build.0 = Release|Any CPU
		{DE7678A1-A709-4B0E-9876-8BC428444381}.Debug|Any CPU.ActiveCfg = Debug|Any CPU
		{DE7678A1-A709-4B0E-9876-8BC428444381}.Debug|Any CPU.Build.0 = Debug|Any CPU
		{DE7678A1-A709-4B0E-9876-8BC428444381}.Release|Any CPU.ActiveCfg = Release|Any CPU
		{DE7678A1-A709-4B0E-9876-8BC428444381}.Release|Any CPU.Build.0 = Release|Any CPU
		{968BDFBC-FD72-4A03-B62B-BA5A55AAD953}.Debug|Any CPU.ActiveCfg = Debug|Any CPU
		{968BDFBC-FD72-4A03-B62B-BA5A55AAD953}.Debug|Any CPU.Build.0 = Debug|Any CPU
		{968BDFBC-FD72-4A03-B62B-BA5A55AAD953}.Release|Any CPU.ActiveCfg = Release|Any CPU
		{968BDFBC-FD72-4A03-B62B-BA5A55AAD953}.Release|Any CPU.Build.0 = Release|Any CPU
		{C97FA16C-EDF9-492B-A16D-A2ACF9984C49}.Debug|Any CPU.ActiveCfg = Debug|Any CPU
		{C97FA16C-EDF9-492B-A16D-A2ACF9984C49}.Debug|Any CPU.Build.0 = Debug|Any CPU
		{C97FA16C-EDF9-492B-A16D-A2ACF9984C49}.Release|Any CPU.ActiveCfg = Release|Any CPU
		{C97FA16C-EDF9-492B-A16D-A2ACF9984C49}.Release|Any CPU.Build.0 = Release|Any CPU
		{708A9F3B-F5C6-495F-925B-11A3D54BDABA}.Debug|Any CPU.ActiveCfg = Debug|Any CPU
		{708A9F3B-F5C6-495F-925B-11A3D54BDABA}.Debug|Any CPU.Build.0 = Debug|Any CPU
		{708A9F3B-F5C6-495F-925B-11A3D54BDABA}.Release|Any CPU.ActiveCfg = Release|Any CPU
		{708A9F3B-F5C6-495F-925B-11A3D54BDABA}.Release|Any CPU.Build.0 = Release|Any CPU
		{38A139D9-16CE-45EE-8FA3-DFF4B8F10EF2}.Debug|Any CPU.ActiveCfg = Debug|Any CPU
		{38A139D9-16CE-45EE-8FA3-DFF4B8F10EF2}.Debug|Any CPU.Build.0 = Debug|Any CPU
		{38A139D9-16CE-45EE-8FA3-DFF4B8F10EF2}.Release|Any CPU.ActiveCfg = Release|Any CPU
		{38A139D9-16CE-45EE-8FA3-DFF4B8F10EF2}.Release|Any CPU.Build.0 = Release|Any CPU
		{88548119-E3B5-449C-AB71-B82FECFEA784}.Debug|Any CPU.ActiveCfg = Debug|Any CPU
		{88548119-E3B5-449C-AB71-B82FECFEA784}.Debug|Any CPU.Build.0 = Debug|Any CPU
		{88548119-E3B5-449C-AB71-B82FECFEA784}.Release|Any CPU.ActiveCfg = Release|Any CPU
		{88548119-E3B5-449C-AB71-B82FECFEA784}.Release|Any CPU.Build.0 = Release|Any CPU
	EndGlobalSection
	GlobalSection(SolutionProperties) = preSolution
		HideSolutionNode = FALSE
	EndGlobalSection
EndGlobal
