
Microsoft Visual Studio Solution File, Format Version 12.00
# Visual Studio 14
VisualStudioVersion = 14.0.25420.1
MinimumVisualStudioVersion = 10.0.40219.1
Project("{FAE04EC0-301F-11D3-BF4B-00C04F79EFBC}") = "Problem 1. StringBuilder.Substring", "Problem 1. StringBuilder.Substring\Problem 1. StringBuilder.Substring.csproj", "{F7BB0B0F-363C-4182-8E7F-F5C4192C09B2}"
EndProject
Project("{FAE04EC0-301F-11D3-BF4B-00C04F79EFBC}") = "Problem 2. IEnumerable extensions", "Problem 2. IEnumerable extensions\Problem 2. IEnumerable extensions.csproj", "{B05F57A1-88BE-49EB-9EC1-695A4B1CC879}"
EndProject
Global
	GlobalSection(SolutionConfigurationPlatforms) = preSolution
		Debug|Any CPU = Debug|Any CPU
		Release|Any CPU = Release|Any CPU
	EndGlobalSection
	GlobalSection(ProjectConfigurationPlatforms) = postSolution
		{F7BB0B0F-363C-4182-8E7F-F5C4192C09B2}.Debug|Any CPU.ActiveCfg = Debug|Any CPU
		{F7BB0B0F-363C-4182-8E7F-F5C4192C09B2}.Debug|Any CPU.Build.0 = Debug|Any CPU
		{F7BB0B0F-363C-4182-8E7F-F5C4192C09B2}.Release|Any CPU.ActiveCfg = Release|Any CPU
		{F7BB0B0F-363C-4182-8E7F-F5C4192C09B2}.Release|Any CPU.Build.0 = Release|Any CPU
		{B05F57A1-88BE-49EB-9EC1-695A4B1CC879}.Debug|Any CPU.ActiveCfg = Debug|Any CPU
		{B05F57A1-88BE-49EB-9EC1-695A4B1CC879}.Debug|Any CPU.Build.0 = Debug|Any CPU
		{B05F57A1-88BE-49EB-9EC1-695A4B1CC879}.Release|Any CPU.ActiveCfg = Release|Any CPU
		{B05F57A1-88BE-49EB-9EC1-695A4B1CC879}.Release|Any CPU.Build.0 = Release|Any CPU
	EndGlobalSection
	GlobalSection(SolutionProperties) = preSolution
		HideSolutionNode = FALSE
	EndGlobalSection
EndGlobal
