
Microsoft Visual Studio Solution File, Format Version 12.00
# Visual Studio 14
VisualStudioVersion = 14.0.25420.1
MinimumVisualStudioVersion = 10.0.40219.1
Project("{FAE04EC0-301F-11D3-BF4B-00C04F79EFBC}") = "Problem 01. StringBuilder.Substring", "Problem 1. StringBuilder.Substring\Problem 01. StringBuilder.Substring.csproj", "{F7BB0B0F-363C-4182-8E7F-F5C4192C09B2}"
EndProject
Project("{FAE04EC0-301F-11D3-BF4B-00C04F79EFBC}") = "Problem 02. IEnumerable extensions", "Problem 2. IEnumerable extensions\Problem 02. IEnumerable extensions.csproj", "{B05F57A1-88BE-49EB-9EC1-695A4B1CC879}"
EndProject
Project("{FAE04EC0-301F-11D3-BF4B-00C04F79EFBC}") = "Problem 03. First before last", "Problem 3. First before last\Problem 03. First before last.csproj", "{33FC5115-8304-4A7A-9994-47FBC8E541E6}"
EndProject
Project("{FAE04EC0-301F-11D3-BF4B-00C04F79EFBC}") = "Problem 04. Age range", "Problem 4. Age range\Problem 04. Age range.csproj", "{A667848D-C345-42B3-9E4F-4F8F8C0FBC6E}"
EndProject
Project("{FAE04EC0-301F-11D3-BF4B-00C04F79EFBC}") = "Problem 05. Order students", "Problem 5. Order students\Problem 05. Order students.csproj", "{7BABEBD8-8853-40DB-A37C-64B75035B500}"
EndProject
Project("{FAE04EC0-301F-11D3-BF4B-00C04F79EFBC}") = "Problem 06. Divisible by 7 and 3", "Problem 6. Divisible by 7 and 3\Problem 06. Divisible by 7 and 3.csproj", "{3C91CCBB-A1A5-400E-8DC0-B1A2016C7875}"
EndProject
Project("{FAE04EC0-301F-11D3-BF4B-00C04F79EFBC}") = "Problem 07. Timer", "Problem 7. Timer\Problem 07. Timer.csproj", "{C0D8657B-13FA-4044-A801-129717ED0A03}"
EndProject
Project("{FAE04EC0-301F-11D3-BF4B-00C04F79EFBC}") = "Problem 08. Events", "Problem 8. Events\Problem 08. Events.csproj", "{EA6841AC-B416-4588-A977-57FD4643F84A}"
EndProject
Project("{FAE04EC0-301F-11D3-BF4B-00C04F79EFBC}") = "Problem 09. Student groups", "Problem 9. Student groups\Problem 09. Student groups.csproj", "{F68A85B5-A240-4E91-B1F7-7A1DAEAE6673}"
EndProject
Project("{FAE04EC0-301F-11D3-BF4B-00C04F79EFBC}") = "Problem 10. Student groups extensions", "Problem 10. Student groups extensions\Problem 10. Student groups extensions.csproj", "{0107D87A-AC9F-4D10-9EC7-60E8DA9918F7}"
EndProject
Project("{FAE04EC0-301F-11D3-BF4B-00C04F79EFBC}") = "Problem 11. Extract students by email", "Problem 11. Extract students by email\Problem 11. Extract students by email.csproj", "{AE3205F5-CDEA-4FAC-813B-D7C289EE1E3D}"
EndProject
Project("{FAE04EC0-301F-11D3-BF4B-00C04F79EFBC}") = "Problem 12. Extract students by phone", "Problem 12. Extract students by phone\Problem 12. Extract students by phone.csproj", "{98AAA1E7-71A5-486B-B13B-0B783A76A944}"
EndProject
Project("{FAE04EC0-301F-11D3-BF4B-00C04F79EFBC}") = "Problem 13. Extract students by marks", "Problem 13. Extract students by marks\Problem 13. Extract students by marks.csproj", "{BBC8DA4E-290B-4D42-8330-F858B57AAA4D}"
EndProject
Project("{FAE04EC0-301F-11D3-BF4B-00C04F79EFBC}") = "Problem 14. Extract with 2 marks", "Problem 14. Extract with 2 marks\Problem 14. Extract with 2 marks.csproj", "{9F494694-1202-4235-ABAF-30AA83DBEBE8}"
EndProject
Project("{FAE04EC0-301F-11D3-BF4B-00C04F79EFBC}") = "Problem 15. Extract marks", "Problem 15. Extract marks\Problem 15. Extract marks.csproj", "{80290D74-239E-4FAF-AE87-2E462BFE8BE0}"
EndProject
Project("{FAE04EC0-301F-11D3-BF4B-00C04F79EFBC}") = "Problem 16. Groups", "Problem 16. Groups\Problem 16. Groups.csproj", "{B2BFD0D2-12AF-4C51-910A-79D916BFB004}"
EndProject
Project("{FAE04EC0-301F-11D3-BF4B-00C04F79EFBC}") = "Problem 17. Longest string", "Problem 17. Longest string\Problem 17. Longest string.csproj", "{8F2EB448-460D-4F74-93BC-933C4FC3FCBA}"
EndProject
Global
	GlobalSection(SolutionConfigurationPlatforms) = preSolution
		Debug|Any CPU = Debug|Any CPU
		Release|Any CPU = Release|Any CPU
	EndGlobalSection
	GlobalSection(ProjectConfigurationPlatforms) = postSolution
		{F7BB0B0F-363C-4182-8E7F-F5C4192C09B2}.Debug|Any CPU.ActiveCfg = Debug|Any CPU
		{F7BB0B0F-363C-4182-8E7F-F5C4192C09B2}.Debug|Any CPU.Build.0 = Debug|Any CPU
		{F7BB0B0F-363C-4182-8E7F-F5C4192C09B2}.Release|Any CPU.ActiveCfg = Release|Any CPU
		{F7BB0B0F-363C-4182-8E7F-F5C4192C09B2}.Release|Any CPU.Build.0 = Release|Any CPU
		{B05F57A1-88BE-49EB-9EC1-695A4B1CC879}.Debug|Any CPU.ActiveCfg = Debug|Any CPU
		{B05F57A1-88BE-49EB-9EC1-695A4B1CC879}.Debug|Any CPU.Build.0 = Debug|Any CPU
		{B05F57A1-88BE-49EB-9EC1-695A4B1CC879}.Release|Any CPU.ActiveCfg = Release|Any CPU
		{B05F57A1-88BE-49EB-9EC1-695A4B1CC879}.Release|Any CPU.Build.0 = Release|Any CPU
		{33FC5115-8304-4A7A-9994-47FBC8E541E6}.Debug|Any CPU.ActiveCfg = Debug|Any CPU
		{33FC5115-8304-4A7A-9994-47FBC8E541E6}.Debug|Any CPU.Build.0 = Debug|Any CPU
		{33FC5115-8304-4A7A-9994-47FBC8E541E6}.Release|Any CPU.ActiveCfg = Release|Any CPU
		{33FC5115-8304-4A7A-9994-47FBC8E541E6}.Release|Any CPU.Build.0 = Release|Any CPU
		{A667848D-C345-42B3-9E4F-4F8F8C0FBC6E}.Debug|Any CPU.ActiveCfg = Debug|Any CPU
		{A667848D-C345-42B3-9E4F-4F8F8C0FBC6E}.Debug|Any CPU.Build.0 = Debug|Any CPU
		{A667848D-C345-42B3-9E4F-4F8F8C0FBC6E}.Release|Any CPU.ActiveCfg = Release|Any CPU
		{A667848D-C345-42B3-9E4F-4F8F8C0FBC6E}.Release|Any CPU.Build.0 = Release|Any CPU
		{7BABEBD8-8853-40DB-A37C-64B75035B500}.Debug|Any CPU.ActiveCfg = Debug|Any CPU
		{7BABEBD8-8853-40DB-A37C-64B75035B500}.Debug|Any CPU.Build.0 = Debug|Any CPU
		{7BABEBD8-8853-40DB-A37C-64B75035B500}.Release|Any CPU.ActiveCfg = Release|Any CPU
		{7BABEBD8-8853-40DB-A37C-64B75035B500}.Release|Any CPU.Build.0 = Release|Any CPU
		{3C91CCBB-A1A5-400E-8DC0-B1A2016C7875}.Debug|Any CPU.ActiveCfg = Debug|Any CPU
		{3C91CCBB-A1A5-400E-8DC0-B1A2016C7875}.Debug|Any CPU.Build.0 = Debug|Any CPU
		{3C91CCBB-A1A5-400E-8DC0-B1A2016C7875}.Release|Any CPU.ActiveCfg = Release|Any CPU
		{3C91CCBB-A1A5-400E-8DC0-B1A2016C7875}.Release|Any CPU.Build.0 = Release|Any CPU
		{C0D8657B-13FA-4044-A801-129717ED0A03}.Debug|Any CPU.ActiveCfg = Debug|Any CPU
		{C0D8657B-13FA-4044-A801-129717ED0A03}.Debug|Any CPU.Build.0 = Debug|Any CPU
		{C0D8657B-13FA-4044-A801-129717ED0A03}.Release|Any CPU.ActiveCfg = Release|Any CPU
		{C0D8657B-13FA-4044-A801-129717ED0A03}.Release|Any CPU.Build.0 = Release|Any CPU
		{EA6841AC-B416-4588-A977-57FD4643F84A}.Debug|Any CPU.ActiveCfg = Debug|Any CPU
		{EA6841AC-B416-4588-A977-57FD4643F84A}.Debug|Any CPU.Build.0 = Debug|Any CPU
		{EA6841AC-B416-4588-A977-57FD4643F84A}.Release|Any CPU.ActiveCfg = Release|Any CPU
		{EA6841AC-B416-4588-A977-57FD4643F84A}.Release|Any CPU.Build.0 = Release|Any CPU
		{F68A85B5-A240-4E91-B1F7-7A1DAEAE6673}.Debug|Any CPU.ActiveCfg = Debug|Any CPU
		{F68A85B5-A240-4E91-B1F7-7A1DAEAE6673}.Debug|Any CPU.Build.0 = Debug|Any CPU
		{F68A85B5-A240-4E91-B1F7-7A1DAEAE6673}.Release|Any CPU.ActiveCfg = Release|Any CPU
		{F68A85B5-A240-4E91-B1F7-7A1DAEAE6673}.Release|Any CPU.Build.0 = Release|Any CPU
		{0107D87A-AC9F-4D10-9EC7-60E8DA9918F7}.Debug|Any CPU.ActiveCfg = Debug|Any CPU
		{0107D87A-AC9F-4D10-9EC7-60E8DA9918F7}.Debug|Any CPU.Build.0 = Debug|Any CPU
		{0107D87A-AC9F-4D10-9EC7-60E8DA9918F7}.Release|Any CPU.ActiveCfg = Release|Any CPU
		{0107D87A-AC9F-4D10-9EC7-60E8DA9918F7}.Release|Any CPU.Build.0 = Release|Any CPU
		{AE3205F5-CDEA-4FAC-813B-D7C289EE1E3D}.Debug|Any CPU.ActiveCfg = Debug|Any CPU
		{AE3205F5-CDEA-4FAC-813B-D7C289EE1E3D}.Debug|Any CPU.Build.0 = Debug|Any CPU
		{AE3205F5-CDEA-4FAC-813B-D7C289EE1E3D}.Release|Any CPU.ActiveCfg = Release|Any CPU
		{AE3205F5-CDEA-4FAC-813B-D7C289EE1E3D}.Release|Any CPU.Build.0 = Release|Any CPU
		{98AAA1E7-71A5-486B-B13B-0B783A76A944}.Debug|Any CPU.ActiveCfg = Debug|Any CPU
		{98AAA1E7-71A5-486B-B13B-0B783A76A944}.Debug|Any CPU.Build.0 = Debug|Any CPU
		{98AAA1E7-71A5-486B-B13B-0B783A76A944}.Release|Any CPU.ActiveCfg = Release|Any CPU
		{98AAA1E7-71A5-486B-B13B-0B783A76A944}.Release|Any CPU.Build.0 = Release|Any CPU
		{BBC8DA4E-290B-4D42-8330-F858B57AAA4D}.Debug|Any CPU.ActiveCfg = Debug|Any CPU
		{BBC8DA4E-290B-4D42-8330-F858B57AAA4D}.Debug|Any CPU.Build.0 = Debug|Any CPU
		{BBC8DA4E-290B-4D42-8330-F858B57AAA4D}.Release|Any CPU.ActiveCfg = Release|Any CPU
		{BBC8DA4E-290B-4D42-8330-F858B57AAA4D}.Release|Any CPU.Build.0 = Release|Any CPU
		{9F494694-1202-4235-ABAF-30AA83DBEBE8}.Debug|Any CPU.ActiveCfg = Debug|Any CPU
		{9F494694-1202-4235-ABAF-30AA83DBEBE8}.Debug|Any CPU.Build.0 = Debug|Any CPU
		{9F494694-1202-4235-ABAF-30AA83DBEBE8}.Release|Any CPU.ActiveCfg = Release|Any CPU
		{9F494694-1202-4235-ABAF-30AA83DBEBE8}.Release|Any CPU.Build.0 = Release|Any CPU
		{80290D74-239E-4FAF-AE87-2E462BFE8BE0}.Debug|Any CPU.ActiveCfg = Debug|Any CPU
		{80290D74-239E-4FAF-AE87-2E462BFE8BE0}.Debug|Any CPU.Build.0 = Debug|Any CPU
		{80290D74-239E-4FAF-AE87-2E462BFE8BE0}.Release|Any CPU.ActiveCfg = Release|Any CPU
		{80290D74-239E-4FAF-AE87-2E462BFE8BE0}.Release|Any CPU.Build.0 = Release|Any CPU
		{B2BFD0D2-12AF-4C51-910A-79D916BFB004}.Debug|Any CPU.ActiveCfg = Debug|Any CPU
		{B2BFD0D2-12AF-4C51-910A-79D916BFB004}.Debug|Any CPU.Build.0 = Debug|Any CPU
		{B2BFD0D2-12AF-4C51-910A-79D916BFB004}.Release|Any CPU.ActiveCfg = Release|Any CPU
		{B2BFD0D2-12AF-4C51-910A-79D916BFB004}.Release|Any CPU.Build.0 = Release|Any CPU
		{8F2EB448-460D-4F74-93BC-933C4FC3FCBA}.Debug|Any CPU.ActiveCfg = Debug|Any CPU
		{8F2EB448-460D-4F74-93BC-933C4FC3FCBA}.Debug|Any CPU.Build.0 = Debug|Any CPU
		{8F2EB448-460D-4F74-93BC-933C4FC3FCBA}.Release|Any CPU.ActiveCfg = Release|Any CPU
		{8F2EB448-460D-4F74-93BC-933C4FC3FCBA}.Release|Any CPU.Build.0 = Release|Any CPU
	EndGlobalSection
	GlobalSection(SolutionProperties) = preSolution
		HideSolutionNode = FALSE
	EndGlobalSection
EndGlobal
