
Microsoft Visual Studio Solution File, Format Version 12.00
# Visual Studio 14
VisualStudioVersion = 14.0.25420.1
MinimumVisualStudioVersion = 10.0.40219.1
Project("{FAE04EC0-301F-11D3-BF4B-00C04F79EFBC}") = "Problem 1. StringBuilder.Substring", "Problem 1. StringBuilder.Substring\Problem 1. StringBuilder.Substring.csproj", "{F7BB0B0F-363C-4182-8E7F-F5C4192C09B2}"
EndProject
Project("{FAE04EC0-301F-11D3-BF4B-00C04F79EFBC}") = "Problem 2. IEnumerable extensions", "Problem 2. IEnumerable extensions\Problem 2. IEnumerable extensions.csproj", "{B05F57A1-88BE-49EB-9EC1-695A4B1CC879}"
EndProject
Project("{FAE04EC0-301F-11D3-BF4B-00C04F79EFBC}") = "Problem 3. First before last", "Problem 3. First before last\Problem 3. First before last.csproj", "{33FC5115-8304-4A7A-9994-47FBC8E541E6}"
EndProject
Project("{FAE04EC0-301F-11D3-BF4B-00C04F79EFBC}") = "Problem 4. Age range", "Problem 4. Age range\Problem 4. Age range.csproj", "{A667848D-C345-42B3-9E4F-4F8F8C0FBC6E}"
EndProject
Project("{FAE04EC0-301F-11D3-BF4B-00C04F79EFBC}") = "Problem 5. Order students", "Problem 5. Order students\Problem 5. Order students.csproj", "{7BABEBD8-8853-40DB-A37C-64B75035B500}"
EndProject
Project("{FAE04EC0-301F-11D3-BF4B-00C04F79EFBC}") = "Problem 6. Divisible by 7 and 3", "Problem 6. Divisible by 7 and 3\Problem 6. Divisible by 7 and 3.csproj", "{3C91CCBB-A1A5-400E-8DC0-B1A2016C7875}"
EndProject
Global
	GlobalSection(SolutionConfigurationPlatforms) = preSolution
		Debug|Any CPU = Debug|Any CPU
		Release|Any CPU = Release|Any CPU
	EndGlobalSection
	GlobalSection(ProjectConfigurationPlatforms) = postSolution
		{F7BB0B0F-363C-4182-8E7F-F5C4192C09B2}.Debug|Any CPU.ActiveCfg = Debug|Any CPU
		{F7BB0B0F-363C-4182-8E7F-F5C4192C09B2}.Debug|Any CPU.Build.0 = Debug|Any CPU
		{F7BB0B0F-363C-4182-8E7F-F5C4192C09B2}.Release|Any CPU.ActiveCfg = Release|Any CPU
		{F7BB0B0F-363C-4182-8E7F-F5C4192C09B2}.Release|Any CPU.Build.0 = Release|Any CPU
		{B05F57A1-88BE-49EB-9EC1-695A4B1CC879}.Debug|Any CPU.ActiveCfg = Debug|Any CPU
		{B05F57A1-88BE-49EB-9EC1-695A4B1CC879}.Debug|Any CPU.Build.0 = Debug|Any CPU
		{B05F57A1-88BE-49EB-9EC1-695A4B1CC879}.Release|Any CPU.ActiveCfg = Release|Any CPU
		{B05F57A1-88BE-49EB-9EC1-695A4B1CC879}.Release|Any CPU.Build.0 = Release|Any CPU
		{33FC5115-8304-4A7A-9994-47FBC8E541E6}.Debug|Any CPU.ActiveCfg = Debug|Any CPU
		{33FC5115-8304-4A7A-9994-47FBC8E541E6}.Debug|Any CPU.Build.0 = Debug|Any CPU
		{33FC5115-8304-4A7A-9994-47FBC8E541E6}.Release|Any CPU.ActiveCfg = Release|Any CPU
		{33FC5115-8304-4A7A-9994-47FBC8E541E6}.Release|Any CPU.Build.0 = Release|Any CPU
		{A667848D-C345-42B3-9E4F-4F8F8C0FBC6E}.Debug|Any CPU.ActiveCfg = Debug|Any CPU
		{A667848D-C345-42B3-9E4F-4F8F8C0FBC6E}.Debug|Any CPU.Build.0 = Debug|Any CPU
		{A667848D-C345-42B3-9E4F-4F8F8C0FBC6E}.Release|Any CPU.ActiveCfg = Release|Any CPU
		{A667848D-C345-42B3-9E4F-4F8F8C0FBC6E}.Release|Any CPU.Build.0 = Release|Any CPU
		{7BABEBD8-8853-40DB-A37C-64B75035B500}.Debug|Any CPU.ActiveCfg = Debug|Any CPU
		{7BABEBD8-8853-40DB-A37C-64B75035B500}.Debug|Any CPU.Build.0 = Debug|Any CPU
		{7BABEBD8-8853-40DB-A37C-64B75035B500}.Release|Any CPU.ActiveCfg = Release|Any CPU
		{7BABEBD8-8853-40DB-A37C-64B75035B500}.Release|Any CPU.Build.0 = Release|Any CPU
		{3C91CCBB-A1A5-400E-8DC0-B1A2016C7875}.Debug|Any CPU.ActiveCfg = Debug|Any CPU
		{3C91CCBB-A1A5-400E-8DC0-B1A2016C7875}.Debug|Any CPU.Build.0 = Debug|Any CPU
		{3C91CCBB-A1A5-400E-8DC0-B1A2016C7875}.Release|Any CPU.ActiveCfg = Release|Any CPU
		{3C91CCBB-A1A5-400E-8DC0-B1A2016C7875}.Release|Any CPU.Build.0 = Release|Any CPU
	EndGlobalSection
	GlobalSection(SolutionProperties) = preSolution
		HideSolutionNode = FALSE
	EndGlobalSection
EndGlobal
