
Microsoft Visual Studio Solution File, Format Version 12.00
# Visual Studio 14
VisualStudioVersion = 14.0.25420.1
MinimumVisualStudioVersion = 10.0.40219.1
Project("{FAE04EC0-301F-11D3-BF4B-00C04F79EFBC}") = "01. Numbers from 1 to N", "01. Numbers from 1 to N\01. Numbers from 1 to N.csproj", "{86EFDA9D-3C6F-466D-B244-3F54F88394E9}"
EndProject
Project("{FAE04EC0-301F-11D3-BF4B-00C04F79EFBC}") = "02. Not Divisible Numbers", "02. Not Divisible Numbers\02. Not Divisible Numbers.csproj", "{AED9EC83-883A-4DF4-979C-5CF4E9FB2714}"
EndProject
Project("{FAE04EC0-301F-11D3-BF4B-00C04F79EFBC}") = "03. MMSA of N Numbers", "03. MMSA of N Numbers\03. MMSA of N Numbers.csproj", "{5C1BC456-5721-4424-84C8-27A5BE0CB63E}"
EndProject
Project("{FAE04EC0-301F-11D3-BF4B-00C04F79EFBC}") = "04. Print a Deck", "04. Print a Deck\04. Print a Deck.csproj", "{E2142A89-5F06-4391-AD30-BF433A15D8A0}"
EndProject
Project("{FAE04EC0-301F-11D3-BF4B-00C04F79EFBC}") = "05. Calculate!", "05. Calculate!\05. Calculate!.csproj", "{513EE400-3908-44C4-A0AE-6811B7DA92CC}"
EndProject
Project("{FAE04EC0-301F-11D3-BF4B-00C04F79EFBC}") = "06. Calculate again!", "06. Calculate again!\06. Calculate again!.csproj", "{0DE84289-A2AE-4DA3-899C-70EF4480A90E}"
EndProject
Project("{FAE04EC0-301F-11D3-BF4B-00C04F79EFBC}") = "07. Calculate 3!", "07. Calculate 3!\07. Calculate 3!.csproj", "{409F1255-54C4-4E61-AA19-DD8E1E0E2C03}"
EndProject
Project("{FAE04EC0-301F-11D3-BF4B-00C04F79EFBC}") = "08. Catalan Numbers", "08. Catalan Numbers\08. Catalan Numbers.csproj", "{87991652-6CB6-4140-9E21-314DBB984B06}"
EndProject
Project("{FAE04EC0-301F-11D3-BF4B-00C04F79EFBC}") = "09. Matrix of Numbers", "09. Matrix of Numbers\09. Matrix of Numbers.csproj", "{653B06F4-4463-4D20-AAE3-2BE904473D96}"
EndProject
Project("{FAE04EC0-301F-11D3-BF4B-00C04F79EFBC}") = "10. Odd and Even Product", "10. Odd and Even Product\10. Odd and Even Product.csproj", "{A84CDAA0-F1CE-4E6A-BC2B-11A9BD1DC7E8}"
EndProject
Project("{FAE04EC0-301F-11D3-BF4B-00C04F79EFBC}") = "11. Binary to Decimal", "11. Binary to Decimal\11. Binary to Decimal.csproj", "{9BAC8C27-8677-4DE5-B1E3-45D6C5A93924}"
EndProject
Global
	GlobalSection(SolutionConfigurationPlatforms) = preSolution
		Debug|Any CPU = Debug|Any CPU
		Release|Any CPU = Release|Any CPU
	EndGlobalSection
	GlobalSection(ProjectConfigurationPlatforms) = postSolution
		{86EFDA9D-3C6F-466D-B244-3F54F88394E9}.Debug|Any CPU.ActiveCfg = Debug|Any CPU
		{86EFDA9D-3C6F-466D-B244-3F54F88394E9}.Debug|Any CPU.Build.0 = Debug|Any CPU
		{86EFDA9D-3C6F-466D-B244-3F54F88394E9}.Release|Any CPU.ActiveCfg = Release|Any CPU
		{86EFDA9D-3C6F-466D-B244-3F54F88394E9}.Release|Any CPU.Build.0 = Release|Any CPU
		{AED9EC83-883A-4DF4-979C-5CF4E9FB2714}.Debug|Any CPU.ActiveCfg = Debug|Any CPU
		{AED9EC83-883A-4DF4-979C-5CF4E9FB2714}.Debug|Any CPU.Build.0 = Debug|Any CPU
		{AED9EC83-883A-4DF4-979C-5CF4E9FB2714}.Release|Any CPU.ActiveCfg = Release|Any CPU
		{AED9EC83-883A-4DF4-979C-5CF4E9FB2714}.Release|Any CPU.Build.0 = Release|Any CPU
		{5C1BC456-5721-4424-84C8-27A5BE0CB63E}.Debug|Any CPU.ActiveCfg = Debug|Any CPU
		{5C1BC456-5721-4424-84C8-27A5BE0CB63E}.Debug|Any CPU.Build.0 = Debug|Any CPU
		{5C1BC456-5721-4424-84C8-27A5BE0CB63E}.Release|Any CPU.ActiveCfg = Release|Any CPU
		{5C1BC456-5721-4424-84C8-27A5BE0CB63E}.Release|Any CPU.Build.0 = Release|Any CPU
		{E2142A89-5F06-4391-AD30-BF433A15D8A0}.Debug|Any CPU.ActiveCfg = Debug|Any CPU
		{E2142A89-5F06-4391-AD30-BF433A15D8A0}.Debug|Any CPU.Build.0 = Debug|Any CPU
		{E2142A89-5F06-4391-AD30-BF433A15D8A0}.Release|Any CPU.ActiveCfg = Release|Any CPU
		{E2142A89-5F06-4391-AD30-BF433A15D8A0}.Release|Any CPU.Build.0 = Release|Any CPU
		{513EE400-3908-44C4-A0AE-6811B7DA92CC}.Debug|Any CPU.ActiveCfg = Debug|Any CPU
		{513EE400-3908-44C4-A0AE-6811B7DA92CC}.Debug|Any CPU.Build.0 = Debug|Any CPU
		{513EE400-3908-44C4-A0AE-6811B7DA92CC}.Release|Any CPU.ActiveCfg = Release|Any CPU
		{513EE400-3908-44C4-A0AE-6811B7DA92CC}.Release|Any CPU.Build.0 = Release|Any CPU
		{0DE84289-A2AE-4DA3-899C-70EF4480A90E}.Debug|Any CPU.ActiveCfg = Debug|Any CPU
		{0DE84289-A2AE-4DA3-899C-70EF4480A90E}.Debug|Any CPU.Build.0 = Debug|Any CPU
		{0DE84289-A2AE-4DA3-899C-70EF4480A90E}.Release|Any CPU.ActiveCfg = Release|Any CPU
		{0DE84289-A2AE-4DA3-899C-70EF4480A90E}.Release|Any CPU.Build.0 = Release|Any CPU
		{409F1255-54C4-4E61-AA19-DD8E1E0E2C03}.Debug|Any CPU.ActiveCfg = Debug|Any CPU
		{409F1255-54C4-4E61-AA19-DD8E1E0E2C03}.Debug|Any CPU.Build.0 = Debug|Any CPU
		{409F1255-54C4-4E61-AA19-DD8E1E0E2C03}.Release|Any CPU.ActiveCfg = Release|Any CPU
		{409F1255-54C4-4E61-AA19-DD8E1E0E2C03}.Release|Any CPU.Build.0 = Release|Any CPU
		{87991652-6CB6-4140-9E21-314DBB984B06}.Debug|Any CPU.ActiveCfg = Debug|Any CPU
		{87991652-6CB6-4140-9E21-314DBB984B06}.Debug|Any CPU.Build.0 = Debug|Any CPU
		{87991652-6CB6-4140-9E21-314DBB984B06}.Release|Any CPU.ActiveCfg = Release|Any CPU
		{87991652-6CB6-4140-9E21-314DBB984B06}.Release|Any CPU.Build.0 = Release|Any CPU
		{653B06F4-4463-4D20-AAE3-2BE904473D96}.Debug|Any CPU.ActiveCfg = Debug|Any CPU
		{653B06F4-4463-4D20-AAE3-2BE904473D96}.Debug|Any CPU.Build.0 = Debug|Any CPU
		{653B06F4-4463-4D20-AAE3-2BE904473D96}.Release|Any CPU.ActiveCfg = Release|Any CPU
		{653B06F4-4463-4D20-AAE3-2BE904473D96}.Release|Any CPU.Build.0 = Release|Any CPU
		{A84CDAA0-F1CE-4E6A-BC2B-11A9BD1DC7E8}.Debug|Any CPU.ActiveCfg = Debug|Any CPU
		{A84CDAA0-F1CE-4E6A-BC2B-11A9BD1DC7E8}.Debug|Any CPU.Build.0 = Debug|Any CPU
		{A84CDAA0-F1CE-4E6A-BC2B-11A9BD1DC7E8}.Release|Any CPU.ActiveCfg = Release|Any CPU
		{A84CDAA0-F1CE-4E6A-BC2B-11A9BD1DC7E8}.Release|Any CPU.Build.0 = Release|Any CPU
		{9BAC8C27-8677-4DE5-B1E3-45D6C5A93924}.Debug|Any CPU.ActiveCfg = Debug|Any CPU
		{9BAC8C27-8677-4DE5-B1E3-45D6C5A93924}.Debug|Any CPU.Build.0 = Debug|Any CPU
		{9BAC8C27-8677-4DE5-B1E3-45D6C5A93924}.Release|Any CPU.ActiveCfg = Release|Any CPU
		{9BAC8C27-8677-4DE5-B1E3-45D6C5A93924}.Release|Any CPU.Build.0 = Release|Any CPU
	EndGlobalSection
	GlobalSection(SolutionProperties) = preSolution
		HideSolutionNode = FALSE
	EndGlobalSection
EndGlobal
