
Microsoft Visual Studio Solution File, Format Version 12.00
# Visual Studio 14
VisualStudioVersion = 14.0.25420.1
MinimumVisualStudioVersion = 10.0.40219.1
Project("{FAE04EC0-301F-11D3-BF4B-00C04F79EFBC}") = "1. MutantSquirrels", "1. MutantSquirrels\1. MutantSquirrels.csproj", "{ABF775EA-6485-48DA-BBF6-37463FE9E8EA}"
EndProject
Project("{FAE04EC0-301F-11D3-BF4B-00C04F79EFBC}") = "2. Speeds", "2. Speeds\2. Speeds.csproj", "{623898D8-488F-474E-8D04-651FF75BC903}"
EndProject
Project("{FAE04EC0-301F-11D3-BF4B-00C04F79EFBC}") = "3. Sum of Even Divisors", "3. Sum of Even Divisors\3. Sum of Even Divisors.csproj", "{C0DB3716-7D82-4D85-936E-538B19A178B7}"
EndProject
Global
	GlobalSection(SolutionConfigurationPlatforms) = preSolution
		Debug|Any CPU = Debug|Any CPU
		Release|Any CPU = Release|Any CPU
	EndGlobalSection
	GlobalSection(ProjectConfigurationPlatforms) = postSolution
		{ABF775EA-6485-48DA-BBF6-37463FE9E8EA}.Debug|Any CPU.ActiveCfg = Debug|Any CPU
		{ABF775EA-6485-48DA-BBF6-37463FE9E8EA}.Debug|Any CPU.Build.0 = Debug|Any CPU
		{ABF775EA-6485-48DA-BBF6-37463FE9E8EA}.Release|Any CPU.ActiveCfg = Release|Any CPU
		{ABF775EA-6485-48DA-BBF6-37463FE9E8EA}.Release|Any CPU.Build.0 = Release|Any CPU
		{623898D8-488F-474E-8D04-651FF75BC903}.Debug|Any CPU.ActiveCfg = Debug|Any CPU
		{623898D8-488F-474E-8D04-651FF75BC903}.Debug|Any CPU.Build.0 = Debug|Any CPU
		{623898D8-488F-474E-8D04-651FF75BC903}.Release|Any CPU.ActiveCfg = Release|Any CPU
		{623898D8-488F-474E-8D04-651FF75BC903}.Release|Any CPU.Build.0 = Release|Any CPU
		{C0DB3716-7D82-4D85-936E-538B19A178B7}.Debug|Any CPU.ActiveCfg = Debug|Any CPU
		{C0DB3716-7D82-4D85-936E-538B19A178B7}.Debug|Any CPU.Build.0 = Debug|Any CPU
		{C0DB3716-7D82-4D85-936E-538B19A178B7}.Release|Any CPU.ActiveCfg = Release|Any CPU
		{C0DB3716-7D82-4D85-936E-538B19A178B7}.Release|Any CPU.Build.0 = Release|Any CPU
	EndGlobalSection
	GlobalSection(SolutionProperties) = preSolution
		HideSolutionNode = FALSE
	EndGlobalSection
EndGlobal
