
Microsoft Visual Studio Solution File, Format Version 12.00
# Visual Studio 14
VisualStudioVersion = 14.0.25420.1
MinimumVisualStudioVersion = 10.0.40219.1
Project("{FAE04EC0-301F-11D3-BF4B-00C04F79EFBC}") = "Problem 01", "Problem 01.\Problem 01.csproj", "{2BC5D959-A1CD-4EF2-A797-E76E5E796AC2}"
EndProject
Project("{FAE04EC0-301F-11D3-BF4B-00C04F79EFBC}") = "Problem 02", "Problem 02.\Problem 02.csproj", "{459A375D-B80C-44C3-A78D-588311D857A0}"
EndProject
Project("{FAE04EC0-301F-11D3-BF4B-00C04F79EFBC}") = "Problem 03", "Problem 03.\Problem 03.csproj", "{AD63AA00-A2E8-4B0E-869F-F91A36E8D91F}"
EndProject
Project("{FAE04EC0-301F-11D3-BF4B-00C04F79EFBC}") = "Problem 04", "Problem 04.\Problem 04.csproj", "{A282DA71-C1AD-49BF-98C9-BE798E5A2DD5}"
EndProject
Global
	GlobalSection(SolutionConfigurationPlatforms) = preSolution
		Debug|Any CPU = Debug|Any CPU
		Release|Any CPU = Release|Any CPU
	EndGlobalSection
	GlobalSection(ProjectConfigurationPlatforms) = postSolution
		{2BC5D959-A1CD-4EF2-A797-E76E5E796AC2}.Debug|Any CPU.ActiveCfg = Debug|Any CPU
		{2BC5D959-A1CD-4EF2-A797-E76E5E796AC2}.Debug|Any CPU.Build.0 = Debug|Any CPU
		{2BC5D959-A1CD-4EF2-A797-E76E5E796AC2}.Release|Any CPU.ActiveCfg = Release|Any CPU
		{2BC5D959-A1CD-4EF2-A797-E76E5E796AC2}.Release|Any CPU.Build.0 = Release|Any CPU
		{459A375D-B80C-44C3-A78D-588311D857A0}.Debug|Any CPU.ActiveCfg = Debug|Any CPU
		{459A375D-B80C-44C3-A78D-588311D857A0}.Debug|Any CPU.Build.0 = Debug|Any CPU
		{459A375D-B80C-44C3-A78D-588311D857A0}.Release|Any CPU.ActiveCfg = Release|Any CPU
		{459A375D-B80C-44C3-A78D-588311D857A0}.Release|Any CPU.Build.0 = Release|Any CPU
		{AD63AA00-A2E8-4B0E-869F-F91A36E8D91F}.Debug|Any CPU.ActiveCfg = Debug|Any CPU
		{AD63AA00-A2E8-4B0E-869F-F91A36E8D91F}.Debug|Any CPU.Build.0 = Debug|Any CPU
		{AD63AA00-A2E8-4B0E-869F-F91A36E8D91F}.Release|Any CPU.ActiveCfg = Release|Any CPU
		{AD63AA00-A2E8-4B0E-869F-F91A36E8D91F}.Release|Any CPU.Build.0 = Release|Any CPU
		{A282DA71-C1AD-49BF-98C9-BE798E5A2DD5}.Debug|Any CPU.ActiveCfg = Debug|Any CPU
		{A282DA71-C1AD-49BF-98C9-BE798E5A2DD5}.Debug|Any CPU.Build.0 = Debug|Any CPU
		{A282DA71-C1AD-49BF-98C9-BE798E5A2DD5}.Release|Any CPU.ActiveCfg = Release|Any CPU
		{A282DA71-C1AD-49BF-98C9-BE798E5A2DD5}.Release|Any CPU.Build.0 = Release|Any CPU
	EndGlobalSection
	GlobalSection(SolutionProperties) = preSolution
		HideSolutionNode = FALSE
	EndGlobalSection
EndGlobal
